
Microsoft Visual Studio Solution File, Format Version 12.00
# Visual Studio Version 16
VisualStudioVersion = 16.0.31702.278
MinimumVisualStudioVersion = 10.0.40219.1
Project("{9A19103F-16F7-4668-BE54-9A1E7A4F7556}") = "ConsoleApp", "ConsoleApp\ConsoleApp.csproj", "{B2147709-4EC8-41C1-9B5C-CDBDE5A875B5}"
EndProject
Project("{FAE04EC0-301F-11D3-BF4B-00C04F79EFBC}") = "ProducstApi", "..\ProducstApi\ProducstApi.csproj", "{BBE4EBBC-6DD1-48D8-95FC-936EC713B0CA}"
EndProject
Project("{FAE04EC0-301F-11D3-BF4B-00C04F79EFBC}") = "CustomersApi", "..\CustomersApi\CustomersApi.csproj", "{E802D0BD-B341-4930-B282-010DA323A964}"
EndProject
Global
	GlobalSection(SolutionConfigurationPlatforms) = preSolution
		Debug|Any CPU = Debug|Any CPU
		Release|Any CPU = Release|Any CPU
	EndGlobalSection
	GlobalSection(ProjectConfigurationPlatforms) = postSolution
		{B2147709-4EC8-41C1-9B5C-CDBDE5A875B5}.Debug|Any CPU.ActiveCfg = Debug|Any CPU
		{B2147709-4EC8-41C1-9B5C-CDBDE5A875B5}.Debug|Any CPU.Build.0 = Debug|Any CPU
		{B2147709-4EC8-41C1-9B5C-CDBDE5A875B5}.Release|Any CPU.ActiveCfg = Release|Any CPU
		{B2147709-4EC8-41C1-9B5C-CDBDE5A875B5}.Release|Any CPU.Build.0 = Release|Any CPU
		{BBE4EBBC-6DD1-48D8-95FC-936EC713B0CA}.Debug|Any CPU.ActiveCfg = Debug|Any CPU
		{BBE4EBBC-6DD1-48D8-95FC-936EC713B0CA}.Debug|Any CPU.Build.0 = Debug|Any CPU
		{BBE4EBBC-6DD1-48D8-95FC-936EC713B0CA}.Release|Any CPU.ActiveCfg = Release|Any CPU
		{BBE4EBBC-6DD1-48D8-95FC-936EC713B0CA}.Release|Any CPU.Build.0 = Release|Any CPU
		{E802D0BD-B341-4930-B282-010DA323A964}.Debug|Any CPU.ActiveCfg = Debug|Any CPU
		{E802D0BD-B341-4930-B282-010DA323A964}.Debug|Any CPU.Build.0 = Debug|Any CPU
		{E802D0BD-B341-4930-B282-010DA323A964}.Release|Any CPU.ActiveCfg = Release|Any CPU
		{E802D0BD-B341-4930-B282-010DA323A964}.Release|Any CPU.Build.0 = Release|Any CPU
	EndGlobalSection
	GlobalSection(SolutionProperties) = preSolution
		HideSolutionNode = FALSE
	EndGlobalSection
	GlobalSection(ExtensibilityGlobals) = postSolution
		SolutionGuid = {C6DD9C91-4B44-4804-A88F-22941C8A027C}
	EndGlobalSection
EndGlobal
